
Microsoft Visual Studio Solution File, Format Version 12.00
# Visual Studio Version 16
VisualStudioVersion = 16.0.28803.202
MinimumVisualStudioVersion = 10.0.40219.1
Project("{9A19103F-16F7-4668-BE54-9A1E7A4F7556}") = "InterviewTasks.Web", "InterviewTasks.Web\InterviewTasks.Web.csproj", "{6508288F-7750-4E7A-8B16-FA283933D159}"
EndProject
Global
	GlobalSection(SolutionConfigurationPlatforms) = preSolution
		Debug|Any CPU = Debug|Any CPU
		Release|Any CPU = Release|Any CPU
	EndGlobalSection
	GlobalSection(ProjectConfigurationPlatforms) = postSolution
		{6508288F-7750-4E7A-8B16-FA283933D159}.Debug|Any CPU.ActiveCfg = Debug|Any CPU
		{6508288F-7750-4E7A-8B16-FA283933D159}.Debug|Any CPU.Build.0 = Debug|Any CPU
		{6508288F-7750-4E7A-8B16-FA283933D159}.Release|Any CPU.ActiveCfg = Release|Any CPU
		{6508288F-7750-4E7A-8B16-FA283933D159}.Release|Any CPU.Build.0 = Release|Any CPU
	EndGlobalSection
	GlobalSection(SolutionProperties) = preSolution
		HideSolutionNode = FALSE
	EndGlobalSection
	GlobalSection(ExtensibilityGlobals) = postSolution
		SolutionGuid = {51D20879-901C-48C4-A253-913ED98C99A0}
	EndGlobalSection
EndGlobal
